
Microsoft Visual Studio Solution File, Format Version 12.00
# Visual Studio Version 17
VisualStudioVersion = 17.11.35219.272
MinimumVisualStudioVersion = 10.0.40219.1
Project("{9A19103F-16F7-4668-BE54-9A1E7A4F7556}") = "ClothingStore", "ClothingStore\ClothingStore.csproj", "{8D59D157-2100-4CDD-8081-6DC29BD4BC3D}"
EndProject
Project("{9A19103F-16F7-4668-BE54-9A1E7A4F7556}") = "DataAccess", "DataAccess\DataAccess.csproj", "{279AA487-8454-4FBD-B909-45057887E2CD}"
EndProject
Project("{9A19103F-16F7-4668-BE54-9A1E7A4F7556}") = "Models", "Models\Models.csproj", "{ABA9E1EC-C2BB-414D-9588-ABCA277F97A3}"
EndProject
Global
	GlobalSection(SolutionConfigurationPlatforms) = preSolution
		Debug|Any CPU = Debug|Any CPU
		Release|Any CPU = Release|Any CPU
	EndGlobalSection
	GlobalSection(ProjectConfigurationPlatforms) = postSolution
		{8D59D157-2100-4CDD-8081-6DC29BD4BC3D}.Debug|Any CPU.ActiveCfg = Debug|Any CPU
		{8D59D157-2100-4CDD-8081-6DC29BD4BC3D}.Debug|Any CPU.Build.0 = Debug|Any CPU
		{8D59D157-2100-4CDD-8081-6DC29BD4BC3D}.Release|Any CPU.ActiveCfg = Release|Any CPU
		{8D59D157-2100-4CDD-8081-6DC29BD4BC3D}.Release|Any CPU.Build.0 = Release|Any CPU
		{279AA487-8454-4FBD-B909-45057887E2CD}.Debug|Any CPU.ActiveCfg = Debug|Any CPU
		{279AA487-8454-4FBD-B909-45057887E2CD}.Debug|Any CPU.Build.0 = Debug|Any CPU
		{279AA487-8454-4FBD-B909-45057887E2CD}.Release|Any CPU.ActiveCfg = Release|Any CPU
		{279AA487-8454-4FBD-B909-45057887E2CD}.Release|Any CPU.Build.0 = Release|Any CPU
		{ABA9E1EC-C2BB-414D-9588-ABCA277F97A3}.Debug|Any CPU.ActiveCfg = Debug|Any CPU
		{ABA9E1EC-C2BB-414D-9588-ABCA277F97A3}.Debug|Any CPU.Build.0 = Debug|Any CPU
		{ABA9E1EC-C2BB-414D-9588-ABCA277F97A3}.Release|Any CPU.ActiveCfg = Release|Any CPU
		{ABA9E1EC-C2BB-414D-9588-ABCA277F97A3}.Release|Any CPU.Build.0 = Release|Any CPU
	EndGlobalSection
	GlobalSection(SolutionProperties) = preSolution
		HideSolutionNode = FALSE
	EndGlobalSection
	GlobalSection(ExtensibilityGlobals) = postSolution
		SolutionGuid = {3F3F7FFA-6D43-4F34-A9B7-3AD49AA02C9C}
	EndGlobalSection
EndGlobal
